
Microsoft Visual Studio Solution File, Format Version 12.00
# Visual Studio for Mac
Project("{FAE04EC0-301F-11D3-BF4B-00C04F79EFBC}") = "Assembly-CSharp", "Assembly-CSharp.csproj", "{711142EC-BC9C-5D9D-68BC-3BFBFA5DB9F0}"
EndProject
Project("{FAE04EC0-301F-11D3-BF4B-00C04F79EFBC}") = "Assembly-CSharp-Editor", "Assembly-CSharp-Editor.csproj", "{2950AA27-863A-685E-349F-56604962F8E1}"
EndProject
Global
	GlobalSection(SolutionConfigurationPlatforms) = preSolution
		Debug|Any CPU = Debug|Any CPU
		Release|Any CPU = Release|Any CPU
	EndGlobalSection
	GlobalSection(ProjectConfigurationPlatforms) = postSolution
		{711142EC-BC9C-5D9D-68BC-3BFBFA5DB9F0}.Debug|Any CPU.ActiveCfg = Debug|Any CPU
		{711142EC-BC9C-5D9D-68BC-3BFBFA5DB9F0}.Debug|Any CPU.Build.0 = Debug|Any CPU
		{711142EC-BC9C-5D9D-68BC-3BFBFA5DB9F0}.Release|Any CPU.ActiveCfg = Release|Any CPU
		{711142EC-BC9C-5D9D-68BC-3BFBFA5DB9F0}.Release|Any CPU.Build.0 = Release|Any CPU
		{2950AA27-863A-685E-349F-56604962F8E1}.Debug|Any CPU.ActiveCfg = Debug|Any CPU
		{2950AA27-863A-685E-349F-56604962F8E1}.Debug|Any CPU.Build.0 = Debug|Any CPU
		{2950AA27-863A-685E-349F-56604962F8E1}.Release|Any CPU.ActiveCfg = Release|Any CPU
		{2950AA27-863A-685E-349F-56604962F8E1}.Release|Any CPU.Build.0 = Release|Any CPU
	EndGlobalSection
	GlobalSection(SolutionProperties) = preSolution
		HideSolutionNode = FALSE
	EndGlobalSection
EndGlobal
