
Microsoft Visual Studio Solution File, Format Version 11.00
# Visual Studio 2010
Project("{FAE04EC0-301F-11D3-BF4B-00C04F79EFBC}") = "Assembly-CSharp", "Assembly-CSharp.csproj", "{2B034C2F-8A33-4E50-366B-40DFD0F321CF}"
EndProject
Project("{FAE04EC0-301F-11D3-BF4B-00C04F79EFBC}") = "Assembly-CSharp-Editor", "Assembly-CSharp-Editor.csproj", "{3E9357D2-5341-C949-B55A-07BAE913697C}"
EndProject
Global
	GlobalSection(SolutionConfigurationPlatforms) = preSolution
		Debug|Any CPU = Debug|Any CPU
		Release|Any CPU = Release|Any CPU
	EndGlobalSection
	GlobalSection(ProjectConfigurationPlatforms) = postSolution
		{2B034C2F-8A33-4E50-366B-40DFD0F321CF}.Debug|Any CPU.ActiveCfg = Debug|Any CPU
		{2B034C2F-8A33-4E50-366B-40DFD0F321CF}.Debug|Any CPU.Build.0 = Debug|Any CPU
		{2B034C2F-8A33-4E50-366B-40DFD0F321CF}.Release|Any CPU.ActiveCfg = Release|Any CPU
		{2B034C2F-8A33-4E50-366B-40DFD0F321CF}.Release|Any CPU.Build.0 = Release|Any CPU
		{3E9357D2-5341-C949-B55A-07BAE913697C}.Debug|Any CPU.ActiveCfg = Debug|Any CPU
		{3E9357D2-5341-C949-B55A-07BAE913697C}.Debug|Any CPU.Build.0 = Debug|Any CPU
		{3E9357D2-5341-C949-B55A-07BAE913697C}.Release|Any CPU.ActiveCfg = Release|Any CPU
		{3E9357D2-5341-C949-B55A-07BAE913697C}.Release|Any CPU.Build.0 = Release|Any CPU
	EndGlobalSection
	GlobalSection(SolutionProperties) = preSolution
		HideSolutionNode = FALSE
	EndGlobalSection
EndGlobal
